{
  "name": "project-planner",
  "version": "1.0.0",
  "lockfileVersion": 3,
  "requires": true,
  "packages": {
    "": {
      "name": "project-planner",
      "version": "1.0.0",
      "dependencies": {
        "dhtmlx-gantt": "^9.0.14"
      }
    },
    "node_modules/dhtmlx-gantt": {
      "version": "9.0.14",
      "resolved": "https://registry.npmjs.org/dhtmlx-gantt/-/dhtmlx-gantt-9.0.14.tgz",
      "integrity": "sha512-1dy27u2oqw3regBKm6Ww7FkexOtUmg+IhHtH6BG6crpBr8dLltjJKwdSj9tcs2YVY+Ocsa3ANVS14rrViEwKoQ==",
      "license": "GPL-2.0"
    }
  }
}
